
Microsoft Visual Studio Solution File, Format Version 12.00
# Visual Studio 15
VisualStudioVersion = 15.0.28307.168
MinimumVisualStudioVersion = 10.0.40219.1
Project("{FAE04EC0-301F-11D3-BF4B-00C04F79EFBC}") = "TestCmd", "TestCmd\TestCmd.csproj", "{5A38948A-0CFA-4679-BD0E-2593E81D6586}"
EndProject
Project("{FAE04EC0-301F-11D3-BF4B-00C04F79EFBC}") = "DatalogizerDataAccess", "DatalogizerDataAccess\DatalogizerDataAccess.csproj", "{DE8EDDDA-EA48-409D-B13B-1F45365D235F}"
EndProject
Global
	GlobalSection(SolutionConfigurationPlatforms) = preSolution
		Debug|Any CPU = Debug|Any CPU
		Release|Any CPU = Release|Any CPU
	EndGlobalSection
	GlobalSection(ProjectConfigurationPlatforms) = postSolution
		{5A38948A-0CFA-4679-BD0E-2593E81D6586}.Debug|Any CPU.ActiveCfg = Debug|Any CPU
		{5A38948A-0CFA-4679-BD0E-2593E81D6586}.Debug|Any CPU.Build.0 = Debug|Any CPU
		{5A38948A-0CFA-4679-BD0E-2593E81D6586}.Release|Any CPU.ActiveCfg = Release|Any CPU
		{5A38948A-0CFA-4679-BD0E-2593E81D6586}.Release|Any CPU.Build.0 = Release|Any CPU
		{DE8EDDDA-EA48-409D-B13B-1F45365D235F}.Debug|Any CPU.ActiveCfg = Debug|Any CPU
		{DE8EDDDA-EA48-409D-B13B-1F45365D235F}.Debug|Any CPU.Build.0 = Debug|Any CPU
		{DE8EDDDA-EA48-409D-B13B-1F45365D235F}.Release|Any CPU.ActiveCfg = Release|Any CPU
		{DE8EDDDA-EA48-409D-B13B-1F45365D235F}.Release|Any CPU.Build.0 = Release|Any CPU
	EndGlobalSection
	GlobalSection(SolutionProperties) = preSolution
		HideSolutionNode = FALSE
	EndGlobalSection
	GlobalSection(ExtensibilityGlobals) = postSolution
		SolutionGuid = {27C19E7A-3913-4A9A-BF0B-6B6943424B74}
	EndGlobalSection
EndGlobal
